
Microsoft Visual Studio Solution File, Format Version 12.00
# Visual Studio Version 17
VisualStudioVersion = 17.9.34622.214
MinimumVisualStudioVersion = 10.0.40219.1
Project("{FAE04EC0-301F-11D3-BF4B-00C04F79EFBC}") = "SimpleSocketApp_Server", "SimpleSocketApp_Server\SimpleSocketApp_Server.csproj", "{4B4E2C9E-5745-4E5E-979F-D582AB0F5B86}"
EndProject
Project("{FAE04EC0-301F-11D3-BF4B-00C04F79EFBC}") = "SimpleSockerApp_Client", "SimpleSockerApp_Client\SimpleSockerApp_Client.csproj", "{86F5A8C7-C948-4A0B-9A23-0F3446B1386E}"
EndProject
Global
	GlobalSection(SolutionConfigurationPlatforms) = preSolution
		Debug|Any CPU = Debug|Any CPU
		Release|Any CPU = Release|Any CPU
	EndGlobalSection
	GlobalSection(ProjectConfigurationPlatforms) = postSolution
		{4B4E2C9E-5745-4E5E-979F-D582AB0F5B86}.Debug|Any CPU.ActiveCfg = Debug|Any CPU
		{4B4E2C9E-5745-4E5E-979F-D582AB0F5B86}.Debug|Any CPU.Build.0 = Debug|Any CPU
		{4B4E2C9E-5745-4E5E-979F-D582AB0F5B86}.Release|Any CPU.ActiveCfg = Release|Any CPU
		{4B4E2C9E-5745-4E5E-979F-D582AB0F5B86}.Release|Any CPU.Build.0 = Release|Any CPU
		{86F5A8C7-C948-4A0B-9A23-0F3446B1386E}.Debug|Any CPU.ActiveCfg = Debug|Any CPU
		{86F5A8C7-C948-4A0B-9A23-0F3446B1386E}.Debug|Any CPU.Build.0 = Debug|Any CPU
		{86F5A8C7-C948-4A0B-9A23-0F3446B1386E}.Release|Any CPU.ActiveCfg = Release|Any CPU
		{86F5A8C7-C948-4A0B-9A23-0F3446B1386E}.Release|Any CPU.Build.0 = Release|Any CPU
	EndGlobalSection
	GlobalSection(SolutionProperties) = preSolution
		HideSolutionNode = FALSE
	EndGlobalSection
	GlobalSection(ExtensibilityGlobals) = postSolution
		SolutionGuid = {B13FDAFF-2D2C-4F24-B477-7084D7EBE661}
	EndGlobalSection
EndGlobal
